
Microsoft Visual Studio Solution File, Format Version 12.00
# Visual Studio Version 16
VisualStudioVersion = 16.0.30104.148
MinimumVisualStudioVersion = 10.0.40219.1
Project("{FAE04EC0-301F-11D3-BF4B-00C04F79EFBC}") = "IkeaUI", "IkeaUI\IkeaUI.csproj", "{1A7F53D3-94B5-4CD4-8F67-B66389005EB5}"
EndProject
Project("{FAE04EC0-301F-11D3-BF4B-00C04F79EFBC}") = "Ikea_Library", "Ikea_Library\Ikea_Library.csproj", "{42F2E8D6-E088-48AF-8942-82F669560457}"
EndProject
Global
	GlobalSection(SolutionConfigurationPlatforms) = preSolution
		Debug|Any CPU = Debug|Any CPU
		Debug|x64 = Debug|x64
		Release|Any CPU = Release|Any CPU
		Release|x64 = Release|x64
	EndGlobalSection
	GlobalSection(ProjectConfigurationPlatforms) = postSolution
		{1A7F53D3-94B5-4CD4-8F67-B66389005EB5}.Debug|Any CPU.ActiveCfg = Debug|Any CPU
		{1A7F53D3-94B5-4CD4-8F67-B66389005EB5}.Debug|Any CPU.Build.0 = Debug|Any CPU
		{1A7F53D3-94B5-4CD4-8F67-B66389005EB5}.Debug|x64.ActiveCfg = Debug|x64
		{1A7F53D3-94B5-4CD4-8F67-B66389005EB5}.Debug|x64.Build.0 = Debug|x64
		{1A7F53D3-94B5-4CD4-8F67-B66389005EB5}.Release|Any CPU.ActiveCfg = Release|Any CPU
		{1A7F53D3-94B5-4CD4-8F67-B66389005EB5}.Release|Any CPU.Build.0 = Release|Any CPU
		{1A7F53D3-94B5-4CD4-8F67-B66389005EB5}.Release|x64.ActiveCfg = Release|x64
		{1A7F53D3-94B5-4CD4-8F67-B66389005EB5}.Release|x64.Build.0 = Release|x64
		{42F2E8D6-E088-48AF-8942-82F669560457}.Debug|Any CPU.ActiveCfg = Debug|Any CPU
		{42F2E8D6-E088-48AF-8942-82F669560457}.Debug|Any CPU.Build.0 = Debug|Any CPU
		{42F2E8D6-E088-48AF-8942-82F669560457}.Debug|x64.ActiveCfg = Debug|x64
		{42F2E8D6-E088-48AF-8942-82F669560457}.Debug|x64.Build.0 = Debug|x64
		{42F2E8D6-E088-48AF-8942-82F669560457}.Release|Any CPU.ActiveCfg = Release|Any CPU
		{42F2E8D6-E088-48AF-8942-82F669560457}.Release|Any CPU.Build.0 = Release|Any CPU
		{42F2E8D6-E088-48AF-8942-82F669560457}.Release|x64.ActiveCfg = Release|x64
		{42F2E8D6-E088-48AF-8942-82F669560457}.Release|x64.Build.0 = Release|x64
	EndGlobalSection
	GlobalSection(SolutionProperties) = preSolution
		HideSolutionNode = FALSE
	EndGlobalSection
	GlobalSection(ExtensibilityGlobals) = postSolution
		SolutionGuid = {171ECFCF-05E9-4845-9EC5-869F6B187E42}
	EndGlobalSection
EndGlobal
